
Microsoft Visual Studio Solution File, Format Version 12.00
# Visual Studio Version 17
VisualStudioVersion = 17.10.35027.167
MinimumVisualStudioVersion = 10.0.40219.1
Project("{FAE04EC0-301F-11D3-BF4B-00C04F79EFBC}") = "DJEMAI-SAMY-PENDU", "DJEMAI-SAMY-PENDU.csproj", "{70B60B59-C908-4AB6-B75D-290E3B938568}"
EndProject
Global
	GlobalSection(SolutionConfigurationPlatforms) = preSolution
		Debug|Any CPU = Debug|Any CPU
		Release|Any CPU = Release|Any CPU
	EndGlobalSection
	GlobalSection(ProjectConfigurationPlatforms) = postSolution
		{70B60B59-C908-4AB6-B75D-290E3B938568}.Debug|Any CPU.ActiveCfg = Debug|Any CPU
		{70B60B59-C908-4AB6-B75D-290E3B938568}.Debug|Any CPU.Build.0 = Debug|Any CPU
		{70B60B59-C908-4AB6-B75D-290E3B938568}.Release|Any CPU.ActiveCfg = Release|Any CPU
		{70B60B59-C908-4AB6-B75D-290E3B938568}.Release|Any CPU.Build.0 = Release|Any CPU
	EndGlobalSection
	GlobalSection(SolutionProperties) = preSolution
		HideSolutionNode = FALSE
	EndGlobalSection
	GlobalSection(ExtensibilityGlobals) = postSolution
		SolutionGuid = {7CA0F4F2-DC50-4B02-82F8-38865E243492}
	EndGlobalSection
EndGlobal
